// !$*UTF8*$!
{
	archiveVersion = 1;
	classes = {
	};
	objectVersion = 46;
	objects = {

/* Begin PBXBuildFile section */
		F2CCF3E219B916CF0075867E /* AppDelegate.swift in Sources */ = {isa = PBXBuildFile; fileRef = F2CCF3E119B916CF0075867E /* AppDelegate.swift */; };
		F2CCF3E419B916CF0075867E /* ViewController.swift in Sources */ = {isa = PBXBuildFile; fileRef = F2CCF3E319B916CF0075867E /* ViewController.swift */; };
		F2CCF3E719B916CF0075867E /* Main.storyboard in Resources */ = {isa = PBXBuildFile; fileRef = F2CCF3E519B916CF0075867E /* Main.storyboard */; };
		F2CCF3E919B916CF0075867E /* Images.xcassets in Resources */ = {isa = PBXBuildFile; fileRef = F2CCF3E819B916CF0075867E /* Images.xcassets */; };
		F2CCF3F519B916D00075867E /* ScavengerHuntTests.swift in Sources */ = {isa = PBXBuildFile; fileRef = F2CCF3F419B916D00075867E /* ScavengerHuntTests.swift */; };
		F2CCF3FF19B923310075867E /* ListViewController.swift in Sources */ = {isa = PBXBuildFile; fileRef = F2CCF3FE19B923310075867E /* ListViewController.swift */; };
		F2CCF40119B94B020075867E /* ScavengerHuntItem.swift in Sources */ = {isa = PBXBuildFile; fileRef = F2CCF40019B94B020075867E /* ScavengerHuntItem.swift */; };
		F2CCF40319B95DC80075867E /* ItemsManager.swift in Sources */ = {isa = PBXBuildFile; fileRef = F2CCF40219B95DC80075867E /* ItemsManager.swift */; };
/* End PBXBuildFile section */

/* Begin PBXContainerItemProxy section */
		F2CCF3EF19B916D00075867E /* PBXContainerItemProxy */ = {
			isa = PBXContainerItemProxy;
			containerPortal = F2CCF3D419B916CF0075867E /* Project object */;
			proxyType = 1;
			remoteGlobalIDString = F2CCF3DB19B916CF0075867E;
			remoteInfo = ScavengerHunt;
		};
/* End PBXContainerItemProxy section */

/* Begin PBXFileReference section */
		F2CCF3DC19B916CF0075867E /* ScavengerHunt.app */ = {isa = PBXFileReference; explicitFileType = wrapper.application; includeInIndex = 0; path = ScavengerHunt.app; sourceTree = BUILT_PRODUCTS_DIR; };
		F2CCF3E019B916CF0075867E /* Info.plist */ = {isa = PBXFileReference; lastKnownFileType = text.plist.xml; path = Info.plist; sourceTree = "<group>"; };
		F2CCF3E119B916CF0075867E /* AppDelegate.swift */ = {isa = PBXFileReference; lastKnownFileType = sourcecode.swift; path = AppDelegate.swift; sourceTree = "<group>"; };
		F2CCF3E319B916CF0075867E /* ViewController.swift */ = {isa = PBXFileReference; lastKnownFileType = sourcecode.swift; path = ViewController.swift; sourceTree = "<group>"; };
		F2CCF3E619B916CF0075867E /* Base */ = {isa = PBXFileReference; lastKnownFileType = file.storyboard; name = Base; path = Base.lproj/Main.storyboard; sourceTree = "<group>"; };
		F2CCF3E819B916CF0075867E /* Images.xcassets */ = {isa = PBXFileReference; lastKnownFileType = folder.assetcatalog; path = Images.xcassets; sourceTree = "<group>"; };
		F2CCF3EE19B916D00075867E /* ScavengerHuntTests.xctest */ = {isa = PBXFileReference; explicitFileType = wrapper.cfbundle; includeInIndex = 0; path = ScavengerHuntTests.xctest; sourceTree = BUILT_PRODUCTS_DIR; };
		F2CCF3F319B916D00075867E /* Info.plist */ = {isa = PBXFileReference; lastKnownFileType = text.plist.xml; path = Info.plist; sourceTree = "<group>"; };
		F2CCF3F419B916D00075867E /* ScavengerHuntTests.swift */ = {isa = PBXFileReference; lastKnownFileType = sourcecode.swift; path = ScavengerHuntTests.swift; sourceTree = "<group>"; };
		F2CCF3FE19B923310075867E /* ListViewController.swift */ = {isa = PBXFileReference; fileEncoding = 4; lastKnownFileType = sourcecode.swift; path = ListViewController.swift; sourceTree = "<group>"; };
		F2CCF40019B94B020075867E /* ScavengerHuntItem.swift */ = {isa = PBXFileReference; fileEncoding = 4; lastKnownFileType = sourcecode.swift; path = ScavengerHuntItem.swift; sourceTree = "<group>"; };
		F2CCF40219B95DC80075867E /* ItemsManager.swift */ = {isa = PBXFileReference; fileEncoding = 4; lastKnownFileType = sourcecode.swift; path = ItemsManager.swift; sourceTree = "<group>"; };
/* End PBXFileReference section */

/* Begin PBXFrameworksBuildPhase section */
		F2CCF3D919B916CF0075867E /* Frameworks */ = {
			isa = PBXFrameworksBuildPhase;
			buildActionMask = 2147483647;
			files = (
			);
			runOnlyForDeploymentPostprocessing = 0;
		};
		F2CCF3EB19B916CF0075867E /* Frameworks */ = {
			isa = PBXFrameworksBuildPhase;
			buildActionMask = 2147483647;
			files = (
			);
			runOnlyForDeploymentPostprocessing = 0;
		};
/* End PBXFrameworksBuildPhase section */

/* Begin PBXGroup section */
		F2CCF3D319B916CF0075867E = {
			isa = PBXGroup;
			children = (
				F2CCF3DE19B916CF0075867E /* ScavengerHunt */,
				F2CCF3F119B916D00075867E /* ScavengerHuntTests */,
				F2CCF3DD19B916CF0075867E /* Products */,
			);
			sourceTree = "<group>";
		};
		F2CCF3DD19B916CF0075867E /* Products */ = {
			isa = PBXGroup;
			children = (
				F2CCF3DC19B916CF0075867E /* ScavengerHunt.app */,
				F2CCF3EE19B916D00075867E /* ScavengerHuntTests.xctest */,
			);
			name = Products;
			sourceTree = "<group>";
		};
		F2CCF3DE19B916CF0075867E /* ScavengerHunt */ = {
			isa = PBXGroup;
			children = (
				F2CCF3FE19B923310075867E /* ListViewController.swift */,
				F2CCF40019B94B020075867E /* ScavengerHuntItem.swift */,
				F2CCF40219B95DC80075867E /* ItemsManager.swift */,
				F2CCF3E119B916CF0075867E /* AppDelegate.swift */,
				F2CCF3E319B916CF0075867E /* ViewController.swift */,
				F2CCF3E519B916CF0075867E /* Main.storyboard */,
				F2CCF3E819B916CF0075867E /* Images.xcassets */,
				F2CCF3DF19B916CF0075867E /* Supporting Files */,
			);
			path = ScavengerHunt;
			sourceTree = "<group>";
		};
		F2CCF3DF19B916CF0075867E /* Supporting Files */ = {
			isa = PBXGroup;
			children = (
				F2CCF3E019B916CF0075867E /* Info.plist */,
			);
			name = "Supporting Files";
			sourceTree = "<group>";
		};
		F2CCF3F119B916D00075867E /* ScavengerHuntTests */ = {
			isa = PBXGroup;
			children = (
				F2CCF3F419B916D00075867E /* ScavengerHuntTests.swift */,
				F2CCF3F219B916D00075867E /* Supporting Files */,
			);
			path = ScavengerHuntTests;
			sourceTree = "<group>";
		};
		F2CCF3F219B916D00075867E /* Supporting Files */ = {
			isa = PBXGroup;
			children = (
				F2CCF3F319B916D00075867E /* Info.plist */,
			);
			name = "Supporting Files";
			sourceTree = "<group>";
		};
/* End PBXGroup section */

/* Begin PBXNativeTarget section */
		F2CCF3DB19B916CF0075867E /* ScavengerHunt */ = {
			isa = PBXNativeTarget;
			buildConfigurationList = F2CCF3F819B916D00075867E /* Build configuration list for PBXNativeTarget "ScavengerHunt" */;
			buildPhases = (
				F2CCF3D819B916CF0075867E /* Sources */,
				F2CCF3D919B916CF0075867E /* Frameworks */,
				F2CCF3DA19B916CF0075867E /* Resources */,
			);
			buildRules = (
			);
			dependencies = (
			);
			name = ScavengerHunt;
			productName = ScavengerHunt;
			productReference = F2CCF3DC19B916CF0075867E /* ScavengerHunt.app */;
			productType = "com.apple.product-type.application";
		};
		F2CCF3ED19B916CF0075867E /* ScavengerHuntTests */ = {
			isa = PBXNativeTarget;
			buildConfigurationList = F2CCF3FB19B916D00075867E /* Build configuration list for PBXNativeTarget "ScavengerHuntTests" */;
			buildPhases = (
				F2CCF3EA19B916CF0075867E /* Sources */,
				F2CCF3EB19B916CF0075867E /* Frameworks */,
				F2CCF3EC19B916CF0075867E /* Resources */,
			);
			buildRules = (
			);
			dependencies = (
				F2CCF3F019B916D00075867E /* PBXTargetDependency */,
			);
			name = ScavengerHuntTests;
			productName = ScavengerHuntTests;
			productReference = F2CCF3EE19B916D00075867E /* ScavengerHuntTests.xctest */;
			productType = "com.apple.product-type.bundle.unit-test";
		};
/* End PBXNativeTarget section */

/* Begin PBXProject section */
		F2CCF3D419B916CF0075867E /* Project object */ = {
			isa = PBXProject;
			attributes = {
				LastUpgradeCheck = 0600;
				ORGANIZATIONNAME = dolodev;
				TargetAttributes = {
					F2CCF3DB19B916CF0075867E = {
						CreatedOnToolsVersion = 6.0;
					};
					F2CCF3ED19B916CF0075867E = {
						CreatedOnToolsVersion = 6.0;
						TestTargetID = F2CCF3DB19B916CF0075867E;
					};
				};
			};
			buildConfigurationList = F2CCF3D719B916CF0075867E /* Build configuration list for PBXProject "ScavengerHunt" */;
			compatibilityVersion = "Xcode 3.2";
			developmentRegion = English;
			hasScannedForEncodings = 0;
			knownRegions = (
				en,
				Base,
			);
			mainGroup = F2CCF3D319B916CF0075867E;
			productRefGroup = F2CCF3DD19B916CF0075867E /* Products */;
			projectDirPath = "";
			projectRoot = "";
			targets = (
				F2CCF3DB19B916CF0075867E /* ScavengerHunt */,
				F2CCF3ED19B916CF0075867E /* ScavengerHuntTests */,
			);
		};
/* End PBXProject section */

/* Begin PBXResourcesBuildPhase section */
		F2CCF3DA19B916CF0075867E /* Resources */ = {
			isa = PBXResourcesBuildPhase;
			buildActionMask = 2147483647;
			files = (
				F2CCF3E719B916CF0075867E /* Main.storyboard in Resources */,
				F2CCF3E919B916CF0075867E /* Images.xcassets in Resources */,
			);
			runOnlyForDeploymentPostprocessing = 0;
		};
		F2CCF3EC19B916CF0075867E /* Resources */ = {
			isa = PBXResourcesBuildPhase;
			buildActionMask = 2147483647;
			files = (
			);
			runOnlyForDeploymentPostprocessing = 0;
		};
/* End PBXResourcesBuildPhase section */

/* Begin PBXSourcesBuildPhase section */
		F2CCF3D819B916CF0075867E /* Sources */ = {
			isa = PBXSourcesBuildPhase;
			buildActionMask = 2147483647;
			files = (
				F2CCF3E419B916CF0075867E /* ViewController.swift in Sources */,
				F2CCF3E219B916CF0075867E /* AppDelegate.swift in Sources */,
				F2CCF40119B94B020075867E /* ScavengerHuntItem.swift in Sources */,
				F2CCF3FF19B923310075867E /* ListViewController.swift in Sources */,
				F2CCF40319B95DC80075867E /* ItemsManager.swift in Sources */,
			);
			runOnlyForDeploymentPostprocessing = 0;
		};
		F2CCF3EA19B916CF0075867E /* Sources */ = {
			isa = PBXSourcesBuildPhase;
			buildActionMask = 2147483647;
			files = (
				F2CCF3F519B916D00075867E /* ScavengerHuntTests.swift in Sources */,
			);
			runOnlyForDeploymentPostprocessing = 0;
		};
/* End PBXSourcesBuildPhase section */

/* Begin PBXTargetDependency section */
		F2CCF3F019B916D00075867E /* PBXTargetDependency */ = {
			isa = PBXTargetDependency;
			target = F2CCF3DB19B916CF0075867E /* ScavengerHunt */;
			targetProxy = F2CCF3EF19B916D00075867E /* PBXContainerItemProxy */;
		};
/* End PBXTargetDependency section */

/* Begin PBXVariantGroup section */
		F2CCF3E519B916CF0075867E /* Main.storyboard */ = {
			isa = PBXVariantGroup;
			children = (
				F2CCF3E619B916CF0075867E /* Base */,
			);
			name = Main.storyboard;
			sourceTree = "<group>";
		};
/* End PBXVariantGroup section */

/* Begin XCBuildConfiguration section */
		F2CCF3F619B916D00075867E /* Debug */ = {
			isa = XCBuildConfiguration;
			buildSettings = {
				ALWAYS_SEARCH_USER_PATHS = NO;
				CLANG_CXX_LANGUAGE_STANDARD = "gnu++0x";
				CLANG_CXX_LIBRARY = "libc++";
				CLANG_ENABLE_MODULES = YES;
				CLANG_ENABLE_OBJC_ARC = YES;
				CLANG_WARN_BOOL_CONVERSION = YES;
				CLANG_WARN_CONSTANT_CONVERSION = YES;
				CLANG_WARN_DIRECT_OBJC_ISA_USAGE = YES_ERROR;
				CLANG_WARN_EMPTY_BODY = YES;
				CLANG_WARN_ENUM_CONVERSION = YES;
				CLANG_WARN_INT_CONVERSION = YES;
				CLANG_WARN_OBJC_ROOT_CLASS = YES_ERROR;
				CLANG_WARN_UNREACHABLE_CODE = YES;
				CLANG_WARN__DUPLICATE_METHOD_MATCH = YES;
				"CODE_SIGN_IDENTITY[sdk=iphoneos*]" = "iPhone Developer";
				COPY_PHASE_STRIP = NO;
				ENABLE_STRICT_OBJC_MSGSEND = YES;
				GCC_C_LANGUAGE_STANDARD = gnu99;
				GCC_DYNAMIC_NO_PIC = NO;
				GCC_OPTIMIZATION_LEVEL = 0;
				GCC_PREPROCESSOR_DEFINITIONS = (
					"DEBUG=1",
					"$(inherited)",
				);
				GCC_SYMBOLS_PRIVATE_EXTERN = NO;
				GCC_WARN_64_TO_32_BIT_CONVERSION = YES;
				GCC_WARN_ABOUT_RETURN_TYPE = YES_ERROR;
				GCC_WARN_UNDECLARED_SELECTOR = YES;
				GCC_WARN_UNINITIALIZED_AUTOS = YES_AGGRESSIVE;
				GCC_WARN_UNUSED_FUNCTION = YES;
				GCC_WARN_UNUSED_VARIABLE = YES;
				IPHONEOS_DEPLOYMENT_TARGET = 8.0;
				MTL_ENABLE_DEBUG_INFO = YES;
				ONLY_ACTIVE_ARCH = YES;
				SDKROOT = iphoneos;
				SWIFT_OPTIMIZATION_LEVEL = "-Onone";
				TARGETED_DEVICE_FAMILY = "1,2";
			};
			name = Debug;
		};
		F2CCF3F719B916D00075867E /* Release */ = {
			isa = XCBuildConfiguration;
			buildSettings = {
				ALWAYS_SEARCH_USER_PATHS = NO;
				CLANG_CXX_LANGUAGE_STANDARD = "gnu++0x";
				CLANG_CXX_LIBRARY = "libc++";
				CLANG_ENABLE_MODULES = YES;
				CLANG_ENABLE_OBJC_ARC = YES;
				CLANG_WARN_BOOL_CONVERSION = YES;
				CLANG_WARN_CONSTANT_CONVERSION = YES;
				CLANG_WARN_DIRECT_OBJC_ISA_USAGE = YES_ERROR;
				CLANG_WARN_EMPTY_BODY = YES;
				CLANG_WARN_ENUM_CONVERSION = YES;
				CLANG_WARN_INT_CONVERSION = YES;
				CLANG_WARN_OBJC_ROOT_CLASS = YES_ERROR;
				CLANG_WARN_UNREACHABLE_CODE = YES;
				CLANG_WARN__DUPLICATE_METHOD_MATCH = YES;
				"CODE_SIGN_IDENTITY[sdk=iphoneos*]" = "iPhone Developer";
				COPY_PHASE_STRIP = YES;
				ENABLE_NS_ASSERTIONS = NO;
				ENABLE_STRICT_OBJC_MSGSEND = YES;
				GCC_C_LANGUAGE_STANDARD = gnu99;
				GCC_WARN_64_TO_32_BIT_CONVERSION = YES;
				GCC_WARN_ABOUT_RETURN_TYPE = YES_ERROR;
				GCC_WARN_UNDECLARED_SELECTOR = YES;
				GCC_WARN_UNINITIALIZED_AUTOS = YES_AGGRESSIVE;
				GCC_WARN_UNUSED_FUNCTION = YES;
				GCC_WARN_UNUSED_VARIABLE = YES;
				IPHONEOS_DEPLOYMENT_TARGET = 8.0;
				MTL_ENABLE_DEBUG_INFO = NO;
				SDKROOT = iphoneos;
				TARGETED_DEVICE_FAMILY = "1,2";
				VALIDATE_PRODUCT = YES;
			};
			name = Release;
		};
		F2CCF3F919B916D00075867E /* Debug */ = {
			isa = XCBuildConfiguration;
			buildSettings = {
				ASSETCATALOG_COMPILER_APPICON_NAME = AppIcon;
				ASSETCATALOG_COMPILER_LAUNCHIMAGE_NAME = LaunchImage;
				INFOPLIST_FILE = ScavengerHunt/Info.plist;
				LD_RUNPATH_SEARCH_PATHS = "$(inherited) @executable_path/Frameworks";
				PRODUCT_NAME = "$(TARGET_NAME)";
			};
			name = Debug;
		};
		F2CCF3FA19B916D00075867E /* Release */ = {
			isa = XCBuildConfiguration;
			buildSettings = {
				ASSETCATALOG_COMPILER_APPICON_NAME = AppIcon;
				ASSETCATALOG_COMPILER_LAUNCHIMAGE_NAME = LaunchImage;
				INFOPLIST_FILE = ScavengerHunt/Info.plist;
				LD_RUNPATH_SEARCH_PATHS = "$(inherited) @executable_path/Frameworks";
				PRODUCT_NAME = "$(TARGET_NAME)";
			};
			name = Release;
		};
		F2CCF3FC19B916D00075867E /* Debug */ = {
			isa = XCBuildConfiguration;
			buildSettings = {
				BUNDLE_LOADER = "$(TEST_HOST)";
				FRAMEWORK_SEARCH_PATHS = (
					"$(SDKROOT)/Developer/Library/Frameworks",
					"$(inherited)",
				);
				GCC_PREPROCESSOR_DEFINITIONS = (
					"DEBUG=1",
					"$(inherited)",
				);
				INFOPLIST_FILE = ScavengerHuntTests/Info.plist;
				LD_RUNPATH_SEARCH_PATHS = "$(inherited) @executable_path/Frameworks @loader_path/Frameworks";
				PRODUCT_NAME = "$(TARGET_NAME)";
				TEST_HOST = "$(BUILT_PRODUCTS_DIR)/ScavengerHunt.app/ScavengerHunt";
			};
			name = Debug;
		};
		F2CCF3FD19B916D00075867E /* Release */ = {
			isa = XCBuildConfiguration;
			buildSettings = {
				BUNDLE_LOADER = "$(TEST_HOST)";
				FRAMEWORK_SEARCH_PATHS = (
					"$(SDKROOT)/Developer/Library/Frameworks",
					"$(inherited)",
				);
				INFOPLIST_FILE = ScavengerHuntTests/Info.plist;
				LD_RUNPATH_SEARCH_PATHS = "$(inherited) @executable_path/Frameworks @loader_path/Frameworks";
				PRODUCT_NAME = "$(TARGET_NAME)";
				TEST_HOST = "$(BUILT_PRODUCTS_DIR)/ScavengerHunt.app/ScavengerHunt";
			};
			name = Release;
		};
/* End XCBuildConfiguration section */

/* Begin XCConfigurationList section */
		F2CCF3D719B916CF0075867E /* Build configuration list for PBXProject "ScavengerHunt" */ = {
			isa = XCConfigurationList;
			buildConfigurations = (
				F2CCF3F619B916D00075867E /* Debug */,
				F2CCF3F719B916D00075867E /* Release */,
			);
			defaultConfigurationIsVisible = 0;
			defaultConfigurationName = Release;
		};
		F2CCF3F819B916D00075867E /* Build configuration list for PBXNativeTarget "ScavengerHunt" */ = {
			isa = XCConfigurationList;
			buildConfigurations = (
				F2CCF3F919B916D00075867E /* Debug */,
				F2CCF3FA19B916D00075867E /* Release */,
			);
			defaultConfigurationIsVisible = 0;
		};
		F2CCF3FB19B916D00075867E /* Build configuration list for PBXNativeTarget "ScavengerHuntTests" */ = {
			isa = XCConfigurationList;
			buildConfigurations = (
				F2CCF3FC19B916D00075867E /* Debug */,
				F2CCF3FD19B916D00075867E /* Release */,
			);
			defaultConfigurationIsVisible = 0;
		};
/* End XCConfigurationList section */
	};
	rootObject = F2CCF3D419B916CF0075867E /* Project object */;
}
